
Microsoft Visual Studio Solution File, Format Version 12.00
# Visual Studio Version 17
VisualStudioVersion = 17.5.33627.172
MinimumVisualStudioVersion = 10.0.40219.1
Project("{FAE04EC0-301F-11D3-BF4B-00C04F79EFBC}") = "OOPHomework", "OOPHomework.csproj", "{12E15A02-BCF0-4374-AFDD-3CBAF363AD71}"
EndProject
Global
	GlobalSection(SolutionConfigurationPlatforms) = preSolution
		Debug|Any CPU = Debug|Any CPU
		Release|Any CPU = Release|Any CPU
	EndGlobalSection
	GlobalSection(ProjectConfigurationPlatforms) = postSolution
		{12E15A02-BCF0-4374-AFDD-3CBAF363AD71}.Debug|Any CPU.ActiveCfg = Debug|Any CPU
		{12E15A02-BCF0-4374-AFDD-3CBAF363AD71}.Debug|Any CPU.Build.0 = Debug|Any CPU
		{12E15A02-BCF0-4374-AFDD-3CBAF363AD71}.Release|Any CPU.ActiveCfg = Release|Any CPU
		{12E15A02-BCF0-4374-AFDD-3CBAF363AD71}.Release|Any CPU.Build.0 = Release|Any CPU
	EndGlobalSection
	GlobalSection(SolutionProperties) = preSolution
		HideSolutionNode = FALSE
	EndGlobalSection
	GlobalSection(ExtensibilityGlobals) = postSolution
		SolutionGuid = {C559A6A7-9FB4-45DA-878B-625AA88C520B}
	EndGlobalSection
EndGlobal
